{
  "originHash" : "37e5dc627e97c1cc42c8a323572bbb247c845d2f9414b18c13371f058e452d22",
  "pins" : [
    {
      "identity" : "keyboardshortcuts",
      "kind" : "remoteSourceControl",
      "location" : "https://github.com/sindresorhus/KeyboardShortcuts",
      "state" : {
        "revision" : "1aef85578fdd4f9eaeeb8d53b7b4fc31bf08fe27",
        "version" : "2.4.0"
      }
    },
    {
      "identity" : "swift-argument-parser",
      "kind" : "remoteSourceControl",
      "location" : "https://github.com/apple/swift-argument-parser.git",
      "state" : {
        "revision" : "c5d11a805e765f52ba34ec7284bd4fcd6ba68615",
        "version" : "1.7.0"
      }
    },
    {
      "identity" : "swift-asn1",
      "kind" : "remoteSourceControl",
      "location" : "https://github.com/apple/swift-asn1.git",
      "state" : {
        "revision" : "810496cf121e525d660cd0ea89a758740476b85f",
        "version" : "1.5.1"
      }
    },
    {
      "identity" : "swift-collections",
      "kind" : "remoteSourceControl",
      "location" : "https://github.com/apple/swift-collections.git",
      "state" : {
        "revision" : "7b847a3b7008b2dc2f47ca3110d8c782fb2e5c7e",
        "version" : "1.3.0"
      }
    },
    {
      "identity" : "swift-crypto",
      "kind" : "remoteSourceControl",
      "location" : "https://github.com/apple/swift-crypto.git",
      "state" : {
        "revision" : "6f70fa9eab24c1fd982af18c281c4525d05e3095",
        "version" : "4.2.0"
      }
    },
    {
      "identity" : "swift-jinja",
      "kind" : "remoteSourceControl",
      "location" : "https://github.com/huggingface/swift-jinja.git",
      "state" : {
        "revision" : "f731f03bf746481d4fda07f817c3774390c4d5b9",
        "version" : "2.3.2"
      }
    },
    {
      "identity" : "swift-transformers",
      "kind" : "remoteSourceControl",
      "location" : "https://github.com/huggingface/swift-transformers.git",
      "state" : {
        "revision" : "150169bfba0889c229a2ce7494cf8949f18e6906",
        "version" : "1.1.9"
      }
    },
    {
      "identity" : "swiftwhisper",
      "kind" : "remoteSourceControl",
      "location" : "https://github.com/exPHAT/SwiftWhisper",
      "state" : {
        "revision" : "a192004db08de7c6eaa169eede77f1625e7d23fb",
        "version" : "1.2.0"
      }
    },
    {
      "identity" : "whisperkit",
      "kind" : "remoteSourceControl",
      "location" : "https://github.com/argmaxinc/WhisperKit",
      "state" : {
        "revision" : "3199d8f681b648825acc1ed3b056745dcb056c07",
        "version" : "0.16.0"
      }
    },
    {
      "identity" : "yyjson",
      "kind" : "remoteSourceControl",
      "location" : "https://github.com/ibireme/yyjson.git",
      "state" : {
        "revision" : "8b4a38dc994a110abaec8a400615567bd996105f",
        "version" : "0.12.0"
      }
    }
  ],
  "version" : 3
}
